
Microsoft Visual Studio Solution File, Format Version 12.00
# Visual Studio 14
VisualStudioVersion = 14.0.25420.1
MinimumVisualStudioVersion = 10.0.40219.1
Project("{FAE04EC0-301F-11D3-BF4B-00C04F79EFBC}") = "text01", "text01\text01.csproj", "{1F686E2D-9DFE-490A-9EA4-CEC0E67242B5}"
EndProject
Global
	GlobalSection(SolutionConfigurationPlatforms) = preSolution
		Debug|Any CPU = Debug|Any CPU
		Release|Any CPU = Release|Any CPU
	EndGlobalSection
	GlobalSection(ProjectConfigurationPlatforms) = postSolution
		{1F686E2D-9DFE-490A-9EA4-CEC0E67242B5}.Debug|Any CPU.ActiveCfg = Debug|Any CPU
		{1F686E2D-9DFE-490A-9EA4-CEC0E67242B5}.Debug|Any CPU.Build.0 = Debug|Any CPU
		{1F686E2D-9DFE-490A-9EA4-CEC0E67242B5}.Release|Any CPU.ActiveCfg = Release|Any CPU
		{1F686E2D-9DFE-490A-9EA4-CEC0E67242B5}.Release|Any CPU.Build.0 = Release|Any CPU
	EndGlobalSection
	GlobalSection(SolutionProperties) = preSolution
		HideSolutionNode = FALSE
	EndGlobalSection
EndGlobal
